Microsoft Visual Studio Solution File, Format Version 12.00
# Visual Studio Version 17
VisualStudioVersion = 17.12.35707.178 d17.12
MinimumVisualStudioVersion = 10.0.40219.1
Project("{FAE04EC0-301F-11D3-BF4B-00C04F79EFBC}") = "Application", "src\Application\Application.csproj", "{5F01F91E-2567-48E7-AA6F-E33EAE0334AF}"
EndProject
Project("{FAE04EC0-301F-11D3-BF4B-00C04F79EFBC}") = "Domain", "src\Domain\Domain.csproj", "{1513EB26-4FD3-4D28-B5B6-11D2B901CB6E}"
EndProject
Project("{FAE04EC0-301F-11D3-BF4B-00C04F79EFBC}") = "Infrastructure", "src\Infrastructure\Infrastructure.csproj", "{B0108BE0-D9A4-4AC0-8D7E-E1D52930B4B8}"
EndProject
Project("{FAE04EC0-301F-11D3-BF4B-00C04F79EFBC}") = "WebApi", "src\WebApi\WebApi.csproj", "{0DC8F93F-CE3A-43AC-8D6C-B972C3022492}"
EndProject
Global
	GlobalSection(SolutionConfigurationPlatforms) = preSolution
		Debug|Any CPU = Debug|Any CPU
		Release|Any CPU = Release|Any CPU
	EndGlobalSection
	GlobalSection(ProjectConfigurationPlatforms) = postSolution
		{5F01F91E-2567-48E7-AA6F-E33EAE0334AF}.Debug|Any CPU.ActiveCfg = Debug|Any CPU
		{5F01F91E-2567-48E7-AA6F-E33EAE0334AF}.Debug|Any CPU.Build.0 = Debug|Any CPU
		{5F01F91E-2567-48E7-AA6F-E33EAE0334AF}.Release|Any CPU.ActiveCfg = Release|Any CPU
		{5F01F91E-2567-48E7-AA6F-E33EAE0334AF}.Release|Any CPU.Build.0 = Release|Any CPU
		{1513EB26-4FD3-4D28-B5B6-11D2B901CB6E}.Debug|Any CPU.ActiveCfg = Debug|Any CPU
		{1513EB26-4FD3-4D28-B5B6-11D2B901CB6E}.Debug|Any CPU.Build.0 = Debug|Any CPU
		{1513EB26-4FD3-4D28-B5B6-11D2B901CB6E}.Release|Any CPU.ActiveCfg = Release|Any CPU
		{1513EB26-4FD3-4D28-B5B6-11D2B901CB6E}.Release|Any CPU.Build.0 = Release|Any CPU
		{B0108BE0-D9A4-4AC0-8D7E-E1D52930B4B8}.Debug|Any CPU.ActiveCfg = Debug|Any CPU
		{B0108BE0-D9A4-4AC0-8D7E-E1D52930B4B8}.Debug|Any CPU.Build.0 = Debug|Any CPU
		{B0108BE0-D9A4-4AC0-8D7E-E1D52930B4B8}.Release|Any CPU.ActiveCfg = Release|Any CPU
		{B0108BE0-D9A4-4AC0-8D7E-E1D52930B4B8}.Release|Any CPU.Build.0 = Release|Any CPU
		{0DC8F93F-CE3A-43AC-8D6C-B972C3022492}.Debug|Any CPU.ActiveCfg = Debug|Any CPU
		{0DC8F93F-CE3A-43AC-8D6C-B972C3022492}.Debug|Any CPU.Build.0 = Debug|Any CPU
		{0DC8F93F-CE3A-43AC-8D6C-B972C3022492}.Release|Any CPU.ActiveCfg = Release|Any CPU
		{0DC8F93F-CE3A-43AC-8D6C-B972C3022492}.Release|Any CPU.Build.0 = Release|Any CPU
	EndGlobalSection
	GlobalSection(SolutionProperties) = preSolution
		HideSolutionNode = FALSE
	EndGlobalSection
EndGlobal
